// !$*UTF8*$!
{
	archiveVersion = 1;
	classes = {
	};
	objectVersion = 50;
	objects = {

/* Begin PBXBuildFile section */
		1D0AADFF2639F2E700CB44F5 /* AppDelegate.swift in Sources */ = {isa = PBXBuildFile; fileRef = 1D0AADFE2639F2E700CB44F5 /* AppDelegate.swift */; };
		1D0AAE012639F2E700CB44F5 /* SceneDelegate.swift in Sources */ = {isa = PBXBuildFile; fileRef = 1D0AAE002639F2E700CB44F5 /* SceneDelegate.swift */; };
		1D0AAE032639F2E700CB44F5 /* TaskListViewController.swift in Sources */ = {isa = PBXBuildFile; fileRef = 1D0AAE022639F2E700CB44F5 /* TaskListViewController.swift */; };
		1D0AAE062639F2E700CB44F5 /* Main.storyboard in Resources */ = {isa = PBXBuildFile; fileRef = 1D0AAE042639F2E700CB44F5 /* Main.storyboard */; };
		1D0AAE082639F2E900CB44F5 /* Assets.xcassets in Resources */ = {isa = PBXBuildFile; fileRef = 1D0AAE072639F2E900CB44F5 /* Assets.xcassets */; };
		1D0AAE0B2639F2E900CB44F5 /* LaunchScreen.storyboard in Resources */ = {isa = PBXBuildFile; fileRef = 1D0AAE092639F2E900CB44F5 /* LaunchScreen.storyboard */; };
		1D0AAE162639F2EA00CB44F5 /* ToDoAppTests.swift in Sources */ = {isa = PBXBuildFile; fileRef = 1D0AAE152639F2EA00CB44F5 /* ToDoAppTests.swift */; };
		1D0AAE212639F2EA00CB44F5 /* ToDoAppUITests.swift in Sources */ = {isa = PBXBuildFile; fileRef = 1D0AAE202639F2EA00CB44F5 /* ToDoAppUITests.swift */; };
		1D1F1CE62652E8B300ECAEAC /* TaskListViewControllerTest.swift in Sources */ = {isa = PBXBuildFile; fileRef = 1D1F1CE52652E8B300ECAEAC /* TaskListViewControllerTest.swift */; };
		1DA09F432639FA27006D0C80 /* Task.swift in Sources */ = {isa = PBXBuildFile; fileRef = 1DA09F422639FA27006D0C80 /* Task.swift */; };
		1DA09F522639FED5006D0C80 /* TaskTest.swift in Sources */ = {isa = PBXBuildFile; fileRef = 1DA09F512639FED5006D0C80 /* TaskTest.swift */; };
		1DB2907D2655A34400B49B8B /* DataProviderTests.swift in Sources */ = {isa = PBXBuildFile; fileRef = 1DB2907C2655A34400B49B8B /* DataProviderTests.swift */; };
		1DC10A4526545D0700C98E49 /* DataProvider.swift in Sources */ = {isa = PBXBuildFile; fileRef = 1DC10A4426545D0700C98E49 /* DataProvider.swift */; };
		1DD05A92263C99FF004D7C22 /* Location.swift in Sources */ = {isa = PBXBuildFile; fileRef = 1DD05A91263C99FF004D7C22 /* Location.swift */; };
		1DD05A97263C9AE0004D7C22 /* LocationTest.swift in Sources */ = {isa = PBXBuildFile; fileRef = 1DD05A96263C9AE0004D7C22 /* LocationTest.swift */; };
		1DF505152640423500B78496 /* TaskManagerTest.swift in Sources */ = {isa = PBXBuildFile; fileRef = 1DF505142640423500B78496 /* TaskManagerTest.swift */; };
		1DF5051E2640430000B78496 /* TaskManager.swift in Sources */ = {isa = PBXBuildFile; fileRef = 1DF5051D2640430000B78496 /* TaskManager.swift */; };
/* End PBXBuildFile section */

/* Begin PBXContainerItemProxy section */
		1D0AAE122639F2EA00CB44F5 /* PBXContainerItemProxy */ = {
			isa = PBXContainerItemProxy;
			containerPortal = 1D0AADF32639F2E700CB44F5 /* Project object */;
			proxyType = 1;
			remoteGlobalIDString = 1D0AADFA2639F2E700CB44F5;
			remoteInfo = ToDoApp;
		};
		1D0AAE1D2639F2EA00CB44F5 /* PBXContainerItemProxy */ = {
			isa = PBXContainerItemProxy;
			containerPortal = 1D0AADF32639F2E700CB44F5 /* Project object */;
			proxyType = 1;
			remoteGlobalIDString = 1D0AADFA2639F2E700CB44F5;
			remoteInfo = ToDoApp;
		};
/* End PBXContainerItemProxy section */

/* Begin PBXFileReference section */
		1D0AADFB2639F2E700CB44F5 /* ToDoApp.app */ = {isa = PBXFileReference; explicitFileType = wrapper.application; includeInIndex = 0; path = ToDoApp.app; sourceTree = BUILT_PRODUCTS_DIR; };
		1D0AADFE2639F2E700CB44F5 /* AppDelegate.swift */ = {isa = PBXFileReference; lastKnownFileType = sourcecode.swift; path = AppDelegate.swift; sourceTree = "<group>"; };
		1D0AAE002639F2E700CB44F5 /* SceneDelegate.swift */ = {isa = PBXFileReference; lastKnownFileType = sourcecode.swift; path = SceneDelegate.swift; sourceTree = "<group>"; };
		1D0AAE022639F2E700CB44F5 /* TaskListViewController.swift */ = {isa = PBXFileReference; lastKnownFileType = sourcecode.swift; path = TaskListViewController.swift; sourceTree = "<group>"; };
		1D0AAE052639F2E700CB44F5 /* Base */ = {isa = PBXFileReference; lastKnownFileType = file.storyboard; name = Base; path = Base.lproj/Main.storyboard; sourceTree = "<group>"; };
		1D0AAE072639F2E900CB44F5 /* Assets.xcassets */ = {isa = PBXFileReference; lastKnownFileType = folder.assetcatalog; path = Assets.xcassets; sourceTree = "<group>"; };
		1D0AAE0A2639F2E900CB44F5 /* Base */ = {isa = PBXFileReference; lastKnownFileType = file.storyboard; name = Base; path = Base.lproj/LaunchScreen.storyboard; sourceTree = "<group>"; };
		1D0AAE0C2639F2E900CB44F5 /* Info.plist */ = {isa = PBXFileReference; lastKnownFileType = text.plist.xml; path = Info.plist; sourceTree = "<group>"; };
		1D0AAE112639F2EA00CB44F5 /* ToDoAppTests.xctest */ = {isa = PBXFileReference; explicitFileType = wrapper.cfbundle; includeInIndex = 0; path = ToDoAppTests.xctest; sourceTree = BUILT_PRODUCTS_DIR; };
		1D0AAE152639F2EA00CB44F5 /* ToDoAppTests.swift */ = {isa = PBXFileReference; lastKnownFileType = sourcecode.swift; path = ToDoAppTests.swift; sourceTree = "<group>"; };
		1D0AAE172639F2EA00CB44F5 /* Info.plist */ = {isa = PBXFileReference; lastKnownFileType = text.plist.xml; path = Info.plist; sourceTree = "<group>"; };
		1D0AAE1C2639F2EA00CB44F5 /* ToDoAppUITests.xctest */ = {isa = PBXFileReference; explicitFileType = wrapper.cfbundle; includeInIndex = 0; path = ToDoAppUITests.xctest; sourceTree = BUILT_PRODUCTS_DIR; };
		1D0AAE202639F2EA00CB44F5 /* ToDoAppUITests.swift */ = {isa = PBXFileReference; lastKnownFileType = sourcecode.swift; path = ToDoAppUITests.swift; sourceTree = "<group>"; };
		1D0AAE222639F2EA00CB44F5 /* Info.plist */ = {isa = PBXFileReference; lastKnownFileType = text.plist.xml; path = Info.plist; sourceTree = "<group>"; };
		1D1F1CE52652E8B300ECAEAC /* TaskListViewControllerTest.swift */ = {isa = PBXFileReference; lastKnownFileType = sourcecode.swift; path = TaskListViewControllerTest.swift; sourceTree = "<group>"; };
		1DA09F422639FA27006D0C80 /* Task.swift */ = {isa = PBXFileReference; lastKnownFileType = sourcecode.swift; path = Task.swift; sourceTree = "<group>"; };
		1DA09F512639FED5006D0C80 /* TaskTest.swift */ = {isa = PBXFileReference; lastKnownFileType = sourcecode.swift; path = TaskTest.swift; sourceTree = "<group>"; };
		1DB2907C2655A34400B49B8B /* DataProviderTests.swift */ = {isa = PBXFileReference; lastKnownFileType = sourcecode.swift; path = DataProviderTests.swift; sourceTree = "<group>"; };
		1DC10A4426545D0700C98E49 /* DataProvider.swift */ = {isa = PBXFileReference; lastKnownFileType = sourcecode.swift; path = DataProvider.swift; sourceTree = "<group>"; };
		1DD05A91263C99FF004D7C22 /* Location.swift */ = {isa = PBXFileReference; lastKnownFileType = sourcecode.swift; path = Location.swift; sourceTree = "<group>"; };
		1DD05A96263C9AE0004D7C22 /* LocationTest.swift */ = {isa = PBXFileReference; lastKnownFileType = sourcecode.swift; path = LocationTest.swift; sourceTree = "<group>"; };
		1DF505142640423500B78496 /* TaskManagerTest.swift */ = {isa = PBXFileReference; lastKnownFileType = sourcecode.swift; path = TaskManagerTest.swift; sourceTree = "<group>"; };
		1DF5051D2640430000B78496 /* TaskManager.swift */ = {isa = PBXFileReference; lastKnownFileType = sourcecode.swift; path = TaskManager.swift; sourceTree = "<group>"; };
/* End PBXFileReference section */

/* Begin PBXFrameworksBuildPhase section */
		1D0AADF82639F2E700CB44F5 /* Frameworks */ = {
			isa = PBXFrameworksBuildPhase;
			buildActionMask = 2147483647;
			files = (
			);
			runOnlyForDeploymentPostprocessing = 0;
		};
		1D0AAE0E2639F2EA00CB44F5 /* Frameworks */ = {
			isa = PBXFrameworksBuildPhase;
			buildActionMask = 2147483647;
			files = (
			);
			runOnlyForDeploymentPostprocessing = 0;
		};
		1D0AAE192639F2EA00CB44F5 /* Frameworks */ = {
			isa = PBXFrameworksBuildPhase;
			buildActionMask = 2147483647;
			files = (
			);
			runOnlyForDeploymentPostprocessing = 0;
		};
/* End PBXFrameworksBuildPhase section */

/* Begin PBXGroup section */
		1D0AADF22639F2E700CB44F5 = {
			isa = PBXGroup;
			children = (
				1D0AADFD2639F2E700CB44F5 /* ToDoApp */,
				1D0AAE142639F2EA00CB44F5 /* ToDoAppTests */,
				1D0AAE1F2639F2EA00CB44F5 /* ToDoAppUITests */,
				1D0AADFC2639F2E700CB44F5 /* Products */,
			);
			sourceTree = "<group>";
		};
		1D0AADFC2639F2E700CB44F5 /* Products */ = {
			isa = PBXGroup;
			children = (
				1D0AADFB2639F2E700CB44F5 /* ToDoApp.app */,
				1D0AAE112639F2EA00CB44F5 /* ToDoAppTests.xctest */,
				1D0AAE1C2639F2EA00CB44F5 /* ToDoAppUITests.xctest */,
			);
			name = Products;
			sourceTree = "<group>";
		};
		1D0AADFD2639F2E700CB44F5 /* ToDoApp */ = {
			isa = PBXGroup;
			children = (
				1DF5051C264042EB00B78496 /* Manager */,
				1D0AAE332639F31900CB44F5 /* Controller */,
				1D0AAE322639F31300CB44F5 /* View */,
				1D0AAE312639F30600CB44F5 /* Model */,
				1D0AAE342639F33500CB44F5 /* Supporting */,
			);
			path = ToDoApp;
			sourceTree = "<group>";
		};
		1D0AAE142639F2EA00CB44F5 /* ToDoAppTests */ = {
			isa = PBXGroup;
			children = (
				1D1F1CE42652E89200ECAEAC /* Controller */,
				1DF505132640420B00B78496 /* Manager */,
				1DA09F502639FEBC006D0C80 /* Model */,
				1D0AAE152639F2EA00CB44F5 /* ToDoAppTests.swift */,
				1D0AAE172639F2EA00CB44F5 /* Info.plist */,
			);
			path = ToDoAppTests;
			sourceTree = "<group>";
		};
		1D0AAE1F2639F2EA00CB44F5 /* ToDoAppUITests */ = {
			isa = PBXGroup;
			children = (
				1D0AAE202639F2EA00CB44F5 /* ToDoAppUITests.swift */,
				1D0AAE222639F2EA00CB44F5 /* Info.plist */,
			);
			path = ToDoAppUITests;
			sourceTree = "<group>";
		};
		1D0AAE312639F30600CB44F5 /* Model */ = {
			isa = PBXGroup;
			children = (
				1DA09F422639FA27006D0C80 /* Task.swift */,
				1DD05A91263C99FF004D7C22 /* Location.swift */,
			);
			path = Model;
			sourceTree = "<group>";
		};
		1D0AAE322639F31300CB44F5 /* View */ = {
			isa = PBXGroup;
			children = (
			);
			path = View;
			sourceTree = "<group>";
		};
		1D0AAE332639F31900CB44F5 /* Controller */ = {
			isa = PBXGroup;
			children = (
				1D0AAE022639F2E700CB44F5 /* TaskListViewController.swift */,
				1DC10A4426545D0700C98E49 /* DataProvider.swift */,
			);
			path = Controller;
			sourceTree = "<group>";
		};
		1D0AAE342639F33500CB44F5 /* Supporting */ = {
			isa = PBXGroup;
			children = (
				1D0AADFE2639F2E700CB44F5 /* AppDelegate.swift */,
				1D0AAE002639F2E700CB44F5 /* SceneDelegate.swift */,
				1D0AAE042639F2E700CB44F5 /* Main.storyboard */,
				1D0AAE072639F2E900CB44F5 /* Assets.xcassets */,
				1D0AAE092639F2E900CB44F5 /* LaunchScreen.storyboard */,
				1D0AAE0C2639F2E900CB44F5 /* Info.plist */,
			);
			path = Supporting;
			sourceTree = "<group>";
		};
		1D1F1CE42652E89200ECAEAC /* Controller */ = {
			isa = PBXGroup;
			children = (
				1D1F1CE52652E8B300ECAEAC /* TaskListViewControllerTest.swift */,
				1DB2907C2655A34400B49B8B /* DataProviderTests.swift */,
			);
			path = Controller;
			sourceTree = "<group>";
		};
		1DA09F502639FEBC006D0C80 /* Model */ = {
			isa = PBXGroup;
			children = (
				1DA09F512639FED5006D0C80 /* TaskTest.swift */,
				1DD05A96263C9AE0004D7C22 /* LocationTest.swift */,
			);
			path = Model;
			sourceTree = "<group>";
		};
		1DF505132640420B00B78496 /* Manager */ = {
			isa = PBXGroup;
			children = (
				1DF505142640423500B78496 /* TaskManagerTest.swift */,
			);
			path = Manager;
			sourceTree = "<group>";
		};
		1DF5051C264042EB00B78496 /* Manager */ = {
			isa = PBXGroup;
			children = (
				1DF5051D2640430000B78496 /* TaskManager.swift */,
			);
			path = Manager;
			sourceTree = "<group>";
		};
/* End PBXGroup section */

/* Begin PBXNativeTarget section */
		1D0AADFA2639F2E700CB44F5 /* ToDoApp */ = {
			isa = PBXNativeTarget;
			buildConfigurationList = 1D0AAE252639F2EA00CB44F5 /* Build configuration list for PBXNativeTarget "ToDoApp" */;
			buildPhases = (
				1D0AADF72639F2E700CB44F5 /* Sources */,
				1D0AADF82639F2E700CB44F5 /* Frameworks */,
				1D0AADF92639F2E700CB44F5 /* Resources */,
			);
			buildRules = (
			);
			dependencies = (
			);
			name = ToDoApp;
			productName = ToDoApp;
			productReference = 1D0AADFB2639F2E700CB44F5 /* ToDoApp.app */;
			productType = "com.apple.product-type.application";
		};
		1D0AAE102639F2EA00CB44F5 /* ToDoAppTests */ = {
			isa = PBXNativeTarget;
			buildConfigurationList = 1D0AAE282639F2EA00CB44F5 /* Build configuration list for PBXNativeTarget "ToDoAppTests" */;
			buildPhases = (
				1D0AAE0D2639F2EA00CB44F5 /* Sources */,
				1D0AAE0E2639F2EA00CB44F5 /* Frameworks */,
				1D0AAE0F2639F2EA00CB44F5 /* Resources */,
			);
			buildRules = (
			);
			dependencies = (
				1D0AAE132639F2EA00CB44F5 /* PBXTargetDependency */,
			);
			name = ToDoAppTests;
			productName = ToDoAppTests;
			productReference = 1D0AAE112639F2EA00CB44F5 /* ToDoAppTests.xctest */;
			productType = "com.apple.product-type.bundle.unit-test";
		};
		1D0AAE1B2639F2EA00CB44F5 /* ToDoAppUITests */ = {
			isa = PBXNativeTarget;
			buildConfigurationList = 1D0AAE2B2639F2EA00CB44F5 /* Build configuration list for PBXNativeTarget "ToDoAppUITests" */;
			buildPhases = (
				1D0AAE182639F2EA00CB44F5 /* Sources */,
				1D0AAE192639F2EA00CB44F5 /* Frameworks */,
				1D0AAE1A2639F2EA00CB44F5 /* Resources */,
			);
			buildRules = (
			);
			dependencies = (
				1D0AAE1E2639F2EA00CB44F5 /* PBXTargetDependency */,
			);
			name = ToDoAppUITests;
			productName = ToDoAppUITests;
			productReference = 1D0AAE1C2639F2EA00CB44F5 /* ToDoAppUITests.xctest */;
			productType = "com.apple.product-type.bundle.ui-testing";
		};
/* End PBXNativeTarget section */

/* Begin PBXProject section */
		1D0AADF32639F2E700CB44F5 /* Project object */ = {
			isa = PBXProject;
			attributes = {
				LastSwiftUpdateCheck = 1240;
				LastUpgradeCheck = 1240;
				TargetAttributes = {
					1D0AADFA2639F2E700CB44F5 = {
						CreatedOnToolsVersion = 12.4;
					};
					1D0AAE102639F2EA00CB44F5 = {
						CreatedOnToolsVersion = 12.4;
						TestTargetID = 1D0AADFA2639F2E700CB44F5;
					};
					1D0AAE1B2639F2EA00CB44F5 = {
						CreatedOnToolsVersion = 12.4;
						TestTargetID = 1D0AADFA2639F2E700CB44F5;
					};
				};
			};
			buildConfigurationList = 1D0AADF62639F2E700CB44F5 /* Build configuration list for PBXProject "ToDoApp" */;
			compatibilityVersion = "Xcode 9.3";
			developmentRegion = en;
			hasScannedForEncodings = 0;
			knownRegions = (
				en,
				Base,
			);
			mainGroup = 1D0AADF22639F2E700CB44F5;
			productRefGroup = 1D0AADFC2639F2E700CB44F5 /* Products */;
			projectDirPath = "";
			projectRoot = "";
			targets = (
				1D0AADFA2639F2E700CB44F5 /* ToDoApp */,
				1D0AAE102639F2EA00CB44F5 /* ToDoAppTests */,
				1D0AAE1B2639F2EA00CB44F5 /* ToDoAppUITests */,
			);
		};
/* End PBXProject section */

/* Begin PBXResourcesBuildPhase section */
		1D0AADF92639F2E700CB44F5 /* Resources */ = {
			isa = PBXResourcesBuildPhase;
			buildActionMask = 2147483647;
			files = (
				1D0AAE0B2639F2E900CB44F5 /* LaunchScreen.storyboard in Resources */,
				1D0AAE082639F2E900CB44F5 /* Assets.xcassets in Resources */,
				1D0AAE062639F2E700CB44F5 /* Main.storyboard in Resources */,
			);
			runOnlyForDeploymentPostprocessing = 0;
		};
		1D0AAE0F2639F2EA00CB44F5 /* Resources */ = {
			isa = PBXResourcesBuildPhase;
			buildActionMask = 2147483647;
			files = (
			);
			runOnlyForDeploymentPostprocessing = 0;
		};
		1D0AAE1A2639F2EA00CB44F5 /* Resources */ = {
			isa = PBXResourcesBuildPhase;
			buildActionMask = 2147483647;
			files = (
			);
			runOnlyForDeploymentPostprocessing = 0;
		};
/* End PBXResourcesBuildPhase section */

/* Begin PBXSourcesBuildPhase section */
		1D0AADF72639F2E700CB44F5 /* Sources */ = {
			isa = PBXSourcesBuildPhase;
			buildActionMask = 2147483647;
			files = (
				1DF5051E2640430000B78496 /* TaskManager.swift in Sources */,
				1DA09F432639FA27006D0C80 /* Task.swift in Sources */,
				1D0AAE032639F2E700CB44F5 /* TaskListViewController.swift in Sources */,
				1DC10A4526545D0700C98E49 /* DataProvider.swift in Sources */,
				1DD05A92263C99FF004D7C22 /* Location.swift in Sources */,
				1D0AADFF2639F2E700CB44F5 /* AppDelegate.swift in Sources */,
				1D0AAE012639F2E700CB44F5 /* SceneDelegate.swift in Sources */,
			);
			runOnlyForDeploymentPostprocessing = 0;
		};
		1D0AAE0D2639F2EA00CB44F5 /* Sources */ = {
			isa = PBXSourcesBuildPhase;
			buildActionMask = 2147483647;
			files = (
				1DA09F522639FED5006D0C80 /* TaskTest.swift in Sources */,
				1D0AAE162639F2EA00CB44F5 /* ToDoAppTests.swift in Sources */,
				1DB2907D2655A34400B49B8B /* DataProviderTests.swift in Sources */,
				1DF505152640423500B78496 /* TaskManagerTest.swift in Sources */,
				1DD05A97263C9AE0004D7C22 /* LocationTest.swift in Sources */,
				1D1F1CE62652E8B300ECAEAC /* TaskListViewControllerTest.swift in Sources */,
			);
			runOnlyForDeploymentPostprocessing = 0;
		};
		1D0AAE182639F2EA00CB44F5 /* Sources */ = {
			isa = PBXSourcesBuildPhase;
			buildActionMask = 2147483647;
			files = (
				1D0AAE212639F2EA00CB44F5 /* ToDoAppUITests.swift in Sources */,
			);
			runOnlyForDeploymentPostprocessing = 0;
		};
/* End PBXSourcesBuildPhase section */

/* Begin PBXTargetDependency section */
		1D0AAE132639F2EA00CB44F5 /* PBXTargetDependency */ = {
			isa = PBXTargetDependency;
			target = 1D0AADFA2639F2E700CB44F5 /* ToDoApp */;
			targetProxy = 1D0AAE122639F2EA00CB44F5 /* PBXContainerItemProxy */;
		};
		1D0AAE1E2639F2EA00CB44F5 /* PBXTargetDependency */ = {
			isa = PBXTargetDependency;
			target = 1D0AADFA2639F2E700CB44F5 /* ToDoApp */;
			targetProxy = 1D0AAE1D2639F2EA00CB44F5 /* PBXContainerItemProxy */;
		};
/* End PBXTargetDependency section */

/* Begin PBXVariantGroup section */
		1D0AAE042639F2E700CB44F5 /* Main.storyboard */ = {
			isa = PBXVariantGroup;
			children = (
				1D0AAE052639F2E700CB44F5 /* Base */,
			);
			name = Main.storyboard;
			sourceTree = "<group>";
		};
		1D0AAE092639F2E900CB44F5 /* LaunchScreen.storyboard */ = {
			isa = PBXVariantGroup;
			children = (
				1D0AAE0A2639F2E900CB44F5 /* Base */,
			);
			name = LaunchScreen.storyboard;
			sourceTree = "<group>";
		};
/* End PBXVariantGroup section */

/* Begin XCBuildConfiguration section */
		1D0AAE232639F2EA00CB44F5 /* Debug */ = {
			isa = XCBuildConfiguration;
			buildSettings = {
				ALWAYS_SEARCH_USER_PATHS = NO;
				CLANG_ANALYZER_NONNULL = YES;
				CLANG_ANALYZER_NUMBER_OBJECT_CONVERSION = YES_AGGRESSIVE;
				CLANG_CXX_LANGUAGE_STANDARD = "gnu++14";
				CLANG_CXX_LIBRARY = "libc++";
				CLANG_ENABLE_MODULES = YES;
				CLANG_ENABLE_OBJC_ARC = YES;
				CLANG_ENABLE_OBJC_WEAK = YES;
				CLANG_WARN_BLOCK_CAPTURE_AUTORELEASING = YES;
				CLANG_WARN_BOOL_CONVERSION = YES;
				CLANG_WARN_COMMA = YES;
				CLANG_WARN_CONSTANT_CONVERSION = YES;
				CLANG_WARN_DEPRECATED_OBJC_IMPLEMENTATIONS = YES;
				CLANG_WARN_DIRECT_OBJC_ISA_USAGE = YES_ERROR;
				CLANG_WARN_DOCUMENTATION_COMMENTS = YES;
				CLANG_WARN_EMPTY_BODY = YES;
				CLANG_WARN_ENUM_CONVERSION = YES;
				CLANG_WARN_INFINITE_RECURSION = YES;
				CLANG_WARN_INT_CONVERSION = YES;
				CLANG_WARN_NON_LITERAL_NULL_CONVERSION = YES;
				CLANG_WARN_OBJC_IMPLICIT_RETAIN_SELF = YES;
				CLANG_WARN_OBJC_LITERAL_CONVERSION = YES;
				CLANG_WARN_OBJC_ROOT_CLASS = YES_ERROR;
				CLANG_WARN_QUOTED_INCLUDE_IN_FRAMEWORK_HEADER = YES;
				CLANG_WARN_RANGE_LOOP_ANALYSIS = YES;
				CLANG_WARN_STRICT_PROTOTYPES = YES;
				CLANG_WARN_SUSPICIOUS_MOVE = YES;
				CLANG_WARN_UNGUARDED_AVAILABILITY = YES_AGGRESSIVE;
				CLANG_WARN_UNREACHABLE_CODE = YES;
				CLANG_WARN__DUPLICATE_METHOD_MATCH = YES;
				COPY_PHASE_STRIP = NO;
				DEBUG_INFORMATION_FORMAT = dwarf;
				ENABLE_STRICT_OBJC_MSGSEND = YES;
				ENABLE_TESTABILITY = YES;
				GCC_C_LANGUAGE_STANDARD = gnu11;
				GCC_DYNAMIC_NO_PIC = NO;
				GCC_NO_COMMON_BLOCKS = YES;
				GCC_OPTIMIZATION_LEVEL = 0;
				GCC_PREPROCESSOR_DEFINITIONS = (
					"DEBUG=1",
					"$(inherited)",
				);
				GCC_WARN_64_TO_32_BIT_CONVERSION = YES;
				GCC_WARN_ABOUT_RETURN_TYPE = YES_ERROR;
				GCC_WARN_UNDECLARED_SELECTOR = YES;
				GCC_WARN_UNINITIALIZED_AUTOS = YES_AGGRESSIVE;
				GCC_WARN_UNUSED_FUNCTION = YES;
				GCC_WARN_UNUSED_VARIABLE = YES;
				IPHONEOS_DEPLOYMENT_TARGET = 14.4;
				MTL_ENABLE_DEBUG_INFO = INCLUDE_SOURCE;
				MTL_FAST_MATH = YES;
				ONLY_ACTIVE_ARCH = YES;
				SDKROOT = iphoneos;
				SWIFT_ACTIVE_COMPILATION_CONDITIONS = DEBUG;
				SWIFT_OPTIMIZATION_LEVEL = "-Onone";
			};
			name = Debug;
		};
		1D0AAE242639F2EA00CB44F5 /* Release */ = {
			isa = XCBuildConfiguration;
			buildSettings = {
				ALWAYS_SEARCH_USER_PATHS = NO;
				CLANG_ANALYZER_NONNULL = YES;
				CLANG_ANALYZER_NUMBER_OBJECT_CONVERSION = YES_AGGRESSIVE;
				CLANG_CXX_LANGUAGE_STANDARD = "gnu++14";
				CLANG_CXX_LIBRARY = "libc++";
				CLANG_ENABLE_MODULES = YES;
				CLANG_ENABLE_OBJC_ARC = YES;
				CLANG_ENABLE_OBJC_WEAK = YES;
				CLANG_WARN_BLOCK_CAPTURE_AUTORELEASING = YES;
				CLANG_WARN_BOOL_CONVERSION = YES;
				CLANG_WARN_COMMA = YES;
				CLANG_WARN_CONSTANT_CONVERSION = YES;
				CLANG_WARN_DEPRECATED_OBJC_IMPLEMENTATIONS = YES;
				CLANG_WARN_DIRECT_OBJC_ISA_USAGE = YES_ERROR;
				CLANG_WARN_DOCUMENTATION_COMMENTS = YES;
				CLANG_WARN_EMPTY_BODY = YES;
				CLANG_WARN_ENUM_CONVERSION = YES;
				CLANG_WARN_INFINITE_RECURSION = YES;
				CLANG_WARN_INT_CONVERSION = YES;
				CLANG_WARN_NON_LITERAL_NULL_CONVERSION = YES;
				CLANG_WARN_OBJC_IMPLICIT_RETAIN_SELF = YES;
				CLANG_WARN_OBJC_LITERAL_CONVERSION = YES;
				CLANG_WARN_OBJC_ROOT_CLASS = YES_ERROR;
				CLANG_WARN_QUOTED_INCLUDE_IN_FRAMEWORK_HEADER = YES;
				CLANG_WARN_RANGE_LOOP_ANALYSIS = YES;
				CLANG_WARN_STRICT_PROTOTYPES = YES;
				CLANG_WARN_SUSPICIOUS_MOVE = YES;
				CLANG_WARN_UNGUARDED_AVAILABILITY = YES_AGGRESSIVE;
				CLANG_WARN_UNREACHABLE_CODE = YES;
				CLANG_WARN__DUPLICATE_METHOD_MATCH = YES;
				COPY_PHASE_STRIP = NO;
				DEBUG_INFORMATION_FORMAT = "dwarf-with-dsym";
				ENABLE_NS_ASSERTIONS = NO;
				ENABLE_STRICT_OBJC_MSGSEND = YES;
				GCC_C_LANGUAGE_STANDARD = gnu11;
				GCC_NO_COMMON_BLOCKS = YES;
				GCC_WARN_64_TO_32_BIT_CONVERSION = YES;
				GCC_WARN_ABOUT_RETURN_TYPE = YES_ERROR;
				GCC_WARN_UNDECLARED_SELECTOR = YES;
				GCC_WARN_UNINITIALIZED_AUTOS = YES_AGGRESSIVE;
				GCC_WARN_UNUSED_FUNCTION = YES;
				GCC_WARN_UNUSED_VARIABLE = YES;
				IPHONEOS_DEPLOYMENT_TARGET = 14.4;
				MTL_ENABLE_DEBUG_INFO = NO;
				MTL_FAST_MATH = YES;
				SDKROOT = iphoneos;
				SWIFT_COMPILATION_MODE = wholemodule;
				SWIFT_OPTIMIZATION_LEVEL = "-O";
				VALIDATE_PRODUCT = YES;
			};
			name = Release;
		};
		1D0AAE262639F2EA00CB44F5 /* Debug */ = {
			isa = XCBuildConfiguration;
			buildSettings = {
				ASSETCATALOG_COMPILER_APPICON_NAME = AppIcon;
				ASSETCATALOG_COMPILER_GLOBAL_ACCENT_COLOR_NAME = AccentColor;
				CODE_SIGN_STYLE = Automatic;
				DEVELOPMENT_TEAM = YRW2J72KS5;
				INFOPLIST_FILE = ToDoApp/Supporting/Info.plist;
				LD_RUNPATH_SEARCH_PATHS = (
					"$(inherited)",
					"@executable_path/Frameworks",
				);
				PRODUCT_BUNDLE_IDENTIFIER = "com.pavel-chernyshev.ToDoApp";
				PRODUCT_NAME = "$(TARGET_NAME)";
				SWIFT_VERSION = 5.0;
				TARGETED_DEVICE_FAMILY = "1,2";
			};
			name = Debug;
		};
		1D0AAE272639F2EA00CB44F5 /* Release */ = {
			isa = XCBuildConfiguration;
			buildSettings = {
				ASSETCATALOG_COMPILER_APPICON_NAME = AppIcon;
				ASSETCATALOG_COMPILER_GLOBAL_ACCENT_COLOR_NAME = AccentColor;
				CODE_SIGN_STYLE = Automatic;
				DEVELOPMENT_TEAM = YRW2J72KS5;
				INFOPLIST_FILE = ToDoApp/Supporting/Info.plist;
				LD_RUNPATH_SEARCH_PATHS = (
					"$(inherited)",
					"@executable_path/Frameworks",
				);
				PRODUCT_BUNDLE_IDENTIFIER = "com.pavel-chernyshev.ToDoApp";
				PRODUCT_NAME = "$(TARGET_NAME)";
				SWIFT_VERSION = 5.0;
				TARGETED_DEVICE_FAMILY = "1,2";
			};
			name = Release;
		};
		1D0AAE292639F2EA00CB44F5 /* Debug */ = {
			isa = XCBuildConfiguration;
			buildSettings = {
				ALWAYS_EMBED_SWIFT_STANDARD_LIBRARIES = YES;
				BUNDLE_LOADER = "$(TEST_HOST)";
				CODE_SIGN_STYLE = Automatic;
				DEVELOPMENT_TEAM = YRW2J72KS5;
				INFOPLIST_FILE = ToDoAppTests/Info.plist;
				IPHONEOS_DEPLOYMENT_TARGET = 14.4;
				LD_RUNPATH_SEARCH_PATHS = (
					"$(inherited)",
					"@executable_path/Frameworks",
					"@loader_path/Frameworks",
				);
				PRODUCT_BUNDLE_IDENTIFIER = "com.pavel-chernyshev.ToDoAppTests";
				PRODUCT_NAME = "$(TARGET_NAME)";
				SWIFT_VERSION = 5.0;
				TARGETED_DEVICE_FAMILY = "1,2";
				TEST_HOST = "$(BUILT_PRODUCTS_DIR)/ToDoApp.app/ToDoApp";
			};
			name = Debug;
		};
		1D0AAE2A2639F2EA00CB44F5 /* Release */ = {
			isa = XCBuildConfiguration;
			buildSettings = {
				ALWAYS_EMBED_SWIFT_STANDARD_LIBRARIES = YES;
				BUNDLE_LOADER = "$(TEST_HOST)";
				CODE_SIGN_STYLE = Automatic;
				DEVELOPMENT_TEAM = YRW2J72KS5;
				INFOPLIST_FILE = ToDoAppTests/Info.plist;
				IPHONEOS_DEPLOYMENT_TARGET = 14.4;
				LD_RUNPATH_SEARCH_PATHS = (
					"$(inherited)",
					"@executable_path/Frameworks",
					"@loader_path/Frameworks",
				);
				PRODUCT_BUNDLE_IDENTIFIER = "com.pavel-chernyshev.ToDoAppTests";
				PRODUCT_NAME = "$(TARGET_NAME)";
				SWIFT_VERSION = 5.0;
				TARGETED_DEVICE_FAMILY = "1,2";
				TEST_HOST = "$(BUILT_PRODUCTS_DIR)/ToDoApp.app/ToDoApp";
			};
			name = Release;
		};
		1D0AAE2C2639F2EA00CB44F5 /* Debug */ = {
			isa = XCBuildConfiguration;
			buildSettings = {
				ALWAYS_EMBED_SWIFT_STANDARD_LIBRARIES = YES;
				CODE_SIGN_STYLE = Automatic;
				DEVELOPMENT_TEAM = YRW2J72KS5;
				INFOPLIST_FILE = ToDoAppUITests/Info.plist;
				LD_RUNPATH_SEARCH_PATHS = (
					"$(inherited)",
					"@executable_path/Frameworks",
					"@loader_path/Frameworks",
				);
				PRODUCT_BUNDLE_IDENTIFIER = "com.pavel-chernyshev.ToDoAppUITests";
				PRODUCT_NAME = "$(TARGET_NAME)";
				SWIFT_VERSION = 5.0;
				TARGETED_DEVICE_FAMILY = "1,2";
				TEST_TARGET_NAME = ToDoApp;
			};
			name = Debug;
		};
		1D0AAE2D2639F2EA00CB44F5 /* Release */ = {
			isa = XCBuildConfiguration;
			buildSettings = {
				ALWAYS_EMBED_SWIFT_STANDARD_LIBRARIES = YES;
				CODE_SIGN_STYLE = Automatic;
				DEVELOPMENT_TEAM = YRW2J72KS5;
				INFOPLIST_FILE = ToDoAppUITests/Info.plist;
				LD_RUNPATH_SEARCH_PATHS = (
					"$(inherited)",
					"@executable_path/Frameworks",
					"@loader_path/Frameworks",
				);
				PRODUCT_BUNDLE_IDENTIFIER = "com.pavel-chernyshev.ToDoAppUITests";
				PRODUCT_NAME = "$(TARGET_NAME)";
				SWIFT_VERSION = 5.0;
				TARGETED_DEVICE_FAMILY = "1,2";
				TEST_TARGET_NAME = ToDoApp;
			};
			name = Release;
		};
/* End XCBuildConfiguration section */

/* Begin XCConfigurationList section */
		1D0AADF62639F2E700CB44F5 /* Build configuration list for PBXProject "ToDoApp" */ = {
			isa = XCConfigurationList;
			buildConfigurations = (
				1D0AAE232639F2EA00CB44F5 /* Debug */,
				1D0AAE242639F2EA00CB44F5 /* Release */,
			);
			defaultConfigurationIsVisible = 0;
			defaultConfigurationName = Release;
		};
		1D0AAE252639F2EA00CB44F5 /* Build configuration list for PBXNativeTarget "ToDoApp" */ = {
			isa = XCConfigurationList;
			buildConfigurations = (
				1D0AAE262639F2EA00CB44F5 /* Debug */,
				1D0AAE272639F2EA00CB44F5 /* Release */,
			);
			defaultConfigurationIsVisible = 0;
			defaultConfigurationName = Release;
		};
		1D0AAE282639F2EA00CB44F5 /* Build configuration list for PBXNativeTarget "ToDoAppTests" */ = {
			isa = XCConfigurationList;
			buildConfigurations = (
				1D0AAE292639F2EA00CB44F5 /* Debug */,
				1D0AAE2A2639F2EA00CB44F5 /* Release */,
			);
			defaultConfigurationIsVisible = 0;
			defaultConfigurationName = Release;
		};
		1D0AAE2B2639F2EA00CB44F5 /* Build configuration list for PBXNativeTarget "ToDoAppUITests" */ = {
			isa = XCConfigurationList;
			buildConfigurations = (
				1D0AAE2C2639F2EA00CB44F5 /* Debug */,
				1D0AAE2D2639F2EA00CB44F5 /* Release */,
			);
			defaultConfigurationIsVisible = 0;
			defaultConfigurationName = Release;
		};
/* End XCConfigurationList section */
	};
	rootObject = 1D0AADF32639F2E700CB44F5 /* Project object */;
}
